
Microsoft Visual Studio Solution File, Format Version 12.00
# Visual Studio Version 17
VisualStudioVersion = 17.6.33829.357
MinimumVisualStudioVersion = 10.0.40219.1
Project("{FAE04EC0-301F-11D3-BF4B-00C04F79EFBC}") = "WebApplication1", "WebApplication1\WebApplication1.csproj", "{56DD1536-0DDF-4E69-AAA7-CA5645793B82}"
EndProject
Global
	GlobalSection(SolutionConfigurationPlatforms) = preSolution
		Debug|Any CPU = Debug|Any CPU
		Release|Any CPU = Release|Any CPU
	EndGlobalSection
	GlobalSection(ProjectConfigurationPlatforms) = postSolution
		{56DD1536-0DDF-4E69-AAA7-CA5645793B82}.Debug|Any CPU.ActiveCfg = Debug|Any CPU
		{56DD1536-0DDF-4E69-AAA7-CA5645793B82}.Debug|Any CPU.Build.0 = Debug|Any CPU
		{56DD1536-0DDF-4E69-AAA7-CA5645793B82}.Release|Any CPU.ActiveCfg = Release|Any CPU
		{56DD1536-0DDF-4E69-AAA7-CA5645793B82}.Release|Any CPU.Build.0 = Release|Any CPU
	EndGlobalSection
	GlobalSection(SolutionProperties) = preSolution
		HideSolutionNode = FALSE
	EndGlobalSection
	GlobalSection(ExtensibilityGlobals) = postSolution
		SolutionGuid = {D2FE111C-32E5-48B3-AA86-519BF3252E1F}
	EndGlobalSection
EndGlobal
